PODS:
  - AFNetworking (3.2.1):
    - AFNetworking/NSURLSession (= 3.2.1)
    - AFNetworking/Reachability (= 3.2.1)
    - AFNetworking/Security (= 3.2.1)
    - AFNetworking/Serialization (= 3.2.1)
    - AFNetworking/UIKit (= 3.2.1)
  - AFNetworking/NSURLSession (3.2.1):
    - AFNetworking/Reachability
    - AFNetworking/Security
    - AFNetworking/Serialization
  - AFNetworking/Reachability (3.2.1)
  - AFNetworking/Security (3.2.1)
  - AFNetworking/Serialization (3.2.1)
  - AFNetworking/UIKit (3.2.1):
    - AFNetworking/NSURLSession
  - AsyncDisplayKit (2.2.1):
    - AsyncDisplayKit/PINRemoteImage (= 2.2.1)
  - AsyncDisplayKit/Core (2.2.1)
  - AsyncDisplayKit/PINRemoteImage (2.2.1):
    - AsyncDisplayKit/Core
    - PINRemoteImage/iOS (= 3.0.0-beta.8)
    - PINRemoteImage/PINCache
  - DZNEmptyDataSet (1.8.1)
  - FLAnimatedImage (1.0.12)
  - IQKeyboardManager (6.1.1)
  - Masonry (1.1.0)
  - MBProgressHUD (1.1.0)
  - MJRefresh (3.1.15.3)
  - PINCache (3.0.1-beta.4):
    - PINCache/Arc-exception-safe (= 3.0.1-beta.4)
    - PINCache/Core (= 3.0.1-beta.4)
  - PINCache/Arc-exception-safe (3.0.1-beta.4):
    - PINCache/Core
  - PINCache/Core (3.0.1-beta.4):
    - PINOperation (= 1.0.3)
  - PINOperation (1.0.3)
  - PINRemoteImage/Core (3.0.0-beta.8)
  - PINRemoteImage/iOS (3.0.0-beta.8):
    - PINRemoteImage/Core
  - PINRemoteImage/PINCache (3.0.0-beta.8):
    - PINCache (= 3.0.1-beta.4)
    - PINRemoteImage/Core
  - pop (1.0.10)
  - Reachability (3.2)
  - SDWebImage (4.4.2):
    - SDWebImage/Core (= 4.4.2)
  - SDWebImage/Core (4.4.2)
  - "UITableView+FDTemplateLayoutCell_Bell (1.5.0)"
  - YYKit (1.0.9):
    - YYKit/no-arc (= 1.0.9)
  - YYKit/no-arc (1.0.9)

DEPENDENCIES:
  - AFNetworking
  - AsyncDisplayKit
  - DZNEmptyDataSet
  - FLAnimatedImage
  - IQKeyboardManager
  - Masonry
  - MBProgressHUD
  - MJRefresh
  - pop
  - Reachability
  - SDWebImage
  - "UITableView+FDTemplateLayoutCell_Bell"
  - YYKit

SPEC REPOS:
  https://github.com/cocoapods/specs.git:
    - AFNetworking
    - AsyncDisplayKit
    - DZNEmptyDataSet
    - FLAnimatedImage
    - IQKeyboardManager
    - Masonry
    - MBProgressHUD
    - MJRefresh
    - PINCache
    - PINOperation
    - PINRemoteImage
    - pop
    - Reachability
    - SDWebImage
    - "UITableView+FDTemplateLayoutCell_Bell"
    - YYKit

SPEC CHECKSUMS:
  AFNetworking: b6f891fdfaed196b46c7a83cf209e09697b94057
  AsyncDisplayKit: 2234dd8d8770a5ed72936b3f8394bd5a807765f6
  DZNEmptyDataSet: 9525833b9e68ac21c30253e1d3d7076cc828eaa7
  FLAnimatedImage: 4a0b56255d9b05f18b6dd7ee06871be5d3b89e31
  IQKeyboardManager: 79c57795f5c2408d259d37b9da2ed07efcbb5225
  Masonry: 678fab65091a9290e40e2832a55e7ab731aad201
  MBProgressHUD: e7baa36a220447d8aeb12769bf0585582f3866d9
  MJRefresh: b48380ae2b927b46c4ef000de9adb8dc748e1df7
  PINCache: a89c8f609232afac77128557bd12c861844423d7
  PINOperation: ac23db44796d4a564ecf9b5ea7163510f579b71d
  PINRemoteImage: c4f9f16932840c597f32e69dd288e10e111a1929
  pop: 82ca6b068ce9278fd350fd9dd09482a0ce9492e6
  Reachability: 33e18b67625424e47b6cde6d202dce689ad7af96
  SDWebImage: 624d6e296c69b244bcede364c72ae0430ac14681
  "UITableView+FDTemplateLayoutCell_Bell": ee65b057dbbe937bb6764f33d4ca6910d05a0efd
  YYKit: 7cda43304a8dc3696c449041e2cb3107b4e236e7

PODFILE CHECKSUM: aec81d04877e57183855a13fb304a7fffb87793f

COCOAPODS: 1.5.3
