// !$*UTF8*$!
{
	archiveVersion = 1;
	classes = {
	};
	objectVersion = 50;
	objects = {

/* Begin PBXBuildFile section */
		63E7A0D46C1D5E84C253BD53 /* libPods-BeautifulSaid.a in Frameworks */ = {isa = PBXBuildFile; fileRef = 8C205711D4DD5120F4B6C02B /* libPods-BeautifulSaid.a */; };
		853CED42213CE72D004A26E4 /* MLSearchView.m in Sources */ = {isa = PBXBuildFile; fileRef = 853CED41213CE72D004A26E4 /* MLSearchView.m */; };
		853CED48213CFEDB004A26E4 /* homepage_scan_icon@2x.png in Resources */ = {isa = PBXBuildFile; fileRef = 853CED44213CFEDA004A26E4 /* homepage_scan_icon@2x.png */; };
		853CED49213CFEDB004A26E4 /* homepage_scan_icon@3x.png in Resources */ = {isa = PBXBuildFile; fileRef = 853CED45213CFEDA004A26E4 /* homepage_scan_icon@3x.png */; };
		853CED4A213CFEDB004A26E4 /* homepage_search_icon@2x.png in Resources */ = {isa = PBXBuildFile; fileRef = 853CED46213CFEDB004A26E4 /* homepage_search_icon@2x.png */; };
		853CED4B213CFEDB004A26E4 /* homepage_search_icon@3x.png in Resources */ = {isa = PBXBuildFile; fileRef = 853CED47213CFEDB004A26E4 /* homepage_search_icon@3x.png */; };
		853CED4D213D0057004A26E4 /* global_nav_msg_white_20x18_@2x.png in Resources */ = {isa = PBXBuildFile; fileRef = 853CED4C213D0057004A26E4 /* global_nav_msg_white_20x18_@2x.png */; };
		853CED50213D0095004A26E4 /* global_back_10x25_@3x.png in Resources */ = {isa = PBXBuildFile; fileRef = 853CED4E213D0095004A26E4 /* global_back_10x25_@3x.png */; };
		853CED51213D0095004A26E4 /* global_back_10x25_@2x.png in Resources */ = {isa = PBXBuildFile; fileRef = 853CED4F213D0095004A26E4 /* global_back_10x25_@2x.png */; };
		853CED56213D0B4F004A26E4 /* YYTableViewCell.m in Sources */ = {isa = PBXBuildFile; fileRef = 853CED53213D0B4E004A26E4 /* YYTableViewCell.m */; };
		853CED57213D0B4F004A26E4 /* YYTableView.m in Sources */ = {isa = PBXBuildFile; fileRef = 853CED55213D0B4E004A26E4 /* YYTableView.m */; };
		853CED5C213D1583004A26E4 /* HomeTableViewCell.m in Sources */ = {isa = PBXBuildFile; fileRef = 853CED5B213D1583004A26E4 /* HomeTableViewCell.m */; };
		853CED60213D1682004A26E4 /* ZMNetworkHelper.m in Sources */ = {isa = PBXBuildFile; fileRef = 853CED5F213D1681004A26E4 /* ZMNetworkHelper.m */; };
		853CED64213D1D16004A26E4 /* Info.plist in Resources */ = {isa = PBXBuildFile; fileRef = 853CED63213D1D15004A26E4 /* Info.plist */; };
		853CED67213D23C2004A26E4 /* YYCollectionViewcell.m in Sources */ = {isa = PBXBuildFile; fileRef = 853CED66213D23C2004A26E4 /* YYCollectionViewcell.m */; };
		853CED6A213D23E9004A26E4 /* YYCollectionView.m in Sources */ = {isa = PBXBuildFile; fileRef = 853CED69213D23E9004A26E4 /* YYCollectionView.m */; };
		853CED6D213D25FC004A26E4 /* HomeCollectionViewCell.m in Sources */ = {isa = PBXBuildFile; fileRef = 853CED6C213D25FC004A26E4 /* HomeCollectionViewCell.m */; };
		853CED70213D296B004A26E4 /* HomeModels.m in Sources */ = {isa = PBXBuildFile; fileRef = 853CED6F213D296B004A26E4 /* HomeModels.m */; };
		853CED95213D3BE7004A26E4 /* page_loading_00030.png in Resources */ = {isa = PBXBuildFile; fileRef = 853CED72213D3BDC004A26E4 /* page_loading_00030.png */; };
		853CED96213D3BE7004A26E4 /* page_loading_00006.png in Resources */ = {isa = PBXBuildFile; fileRef = 853CED73213D3BDC004A26E4 /* page_loading_00006.png */; };
		853CED97213D3BE7004A26E4 /* page_loading_00026.png in Resources */ = {isa = PBXBuildFile; fileRef = 853CED74213D3BDC004A26E4 /* page_loading_00026.png */; };
		853CED98213D3BE7004A26E4 /* page_loading_00022.png in Resources */ = {isa = PBXBuildFile; fileRef = 853CED75213D3BDD004A26E4 /* page_loading_00022.png */; };
		853CED99213D3BE7004A26E4 /* page_loading_00014.png in Resources */ = {isa = PBXBuildFile; fileRef = 853CED76213D3BDD004A26E4 /* page_loading_00014.png */; };
		853CED9A213D3BE7004A26E4 /* page_loading_00000.png in Resources */ = {isa = PBXBuildFile; fileRef = 853CED77213D3BDE004A26E4 /* page_loading_00000.png */; };
		853CED9B213D3BE7004A26E4 /* page_loading_00031.png in Resources */ = {isa = PBXBuildFile; fileRef = 853CED78213D3BDE004A26E4 /* page_loading_00031.png */; };
		853CED9C213D3BE7004A26E4 /* page_loading_00034.png in Resources */ = {isa = PBXBuildFile; fileRef = 853CED79213D3BDE004A26E4 /* page_loading_00034.png */; };
		853CED9D213D3BE7004A26E4 /* page_loading_00024.png in Resources */ = {isa = PBXBuildFile; fileRef = 853CED7A213D3BDE004A26E4 /* page_loading_00024.png */; };
		853CED9E213D3BE7004A26E4 /* page_loading_00032.png in Resources */ = {isa = PBXBuildFile; fileRef = 853CED7B213D3BDF004A26E4 /* page_loading_00032.png */; };
		853CED9F213D3BE7004A26E4 /* page_loading_00027.png in Resources */ = {isa = PBXBuildFile; fileRef = 853CED7C213D3BDF004A26E4 /* page_loading_00027.png */; };
		853CEDA0213D3BE7004A26E4 /* page_loading_00009.png in Resources */ = {isa = PBXBuildFile; fileRef = 853CED7D213D3BDF004A26E4 /* page_loading_00009.png */; };
		853CEDA1213D3BE7004A26E4 /* page_loading_00023.png in Resources */ = {isa = PBXBuildFile; fileRef = 853CED7E213D3BDF004A26E4 /* page_loading_00023.png */; };
		853CEDA2213D3BE7004A26E4 /* page_loading_00025.png in Resources */ = {isa = PBXBuildFile; fileRef = 853CED7F213D3BE0004A26E4 /* page_loading_00025.png */; };
		853CEDA3213D3BE7004A26E4 /* page_loading_00017.png in Resources */ = {isa = PBXBuildFile; fileRef = 853CED80213D3BE0004A26E4 /* page_loading_00017.png */; };
		853CEDA4213D3BE7004A26E4 /* page_loading_00012.png in Resources */ = {isa = PBXBuildFile; fileRef = 853CED81213D3BE0004A26E4 /* page_loading_00012.png */; };
		853CEDA5213D3BE7004A26E4 /* page_loading_00004.png in Resources */ = {isa = PBXBuildFile; fileRef = 853CED82213D3BE1004A26E4 /* page_loading_00004.png */; };
		853CEDA6213D3BE7004A26E4 /* page_loading_00001.png in Resources */ = {isa = PBXBuildFile; fileRef = 853CED83213D3BE1004A26E4 /* page_loading_00001.png */; };
		853CEDA7213D3BE7004A26E4 /* page_loading_00016.png in Resources */ = {isa = PBXBuildFile; fileRef = 853CED84213D3BE1004A26E4 /* page_loading_00016.png */; };
		853CEDA8213D3BE7004A26E4 /* page_loading_00033.png in Resources */ = {isa = PBXBuildFile; fileRef = 853CED85213D3BE2004A26E4 /* page_loading_00033.png */; };
		853CEDA9213D3BE7004A26E4 /* page_loading_00010.png in Resources */ = {isa = PBXBuildFile; fileRef = 853CED86213D3BE2004A26E4 /* page_loading_00010.png */; };
		853CEDAA213D3BE7004A26E4 /* page_loading_00021.png in Resources */ = {isa = PBXBuildFile; fileRef = 853CED87213D3BE3004A26E4 /* page_loading_00021.png */; };
		853CEDAB213D3BE7004A26E4 /* page_loading_00028.png in Resources */ = {isa = PBXBuildFile; fileRef = 853CED88213D3BE3004A26E4 /* page_loading_00028.png */; };
		853CEDAC213D3BE7004A26E4 /* page_loading_00013.png in Resources */ = {isa = PBXBuildFile; fileRef = 853CED89213D3BE3004A26E4 /* page_loading_00013.png */; };
		853CEDAD213D3BE7004A26E4 /* page_loading_00015.png in Resources */ = {isa = PBXBuildFile; fileRef = 853CED8A213D3BE3004A26E4 /* page_loading_00015.png */; };
		853CEDAE213D3BE7004A26E4 /* page_loading_00011.png in Resources */ = {isa = PBXBuildFile; fileRef = 853CED8B213D3BE4004A26E4 /* page_loading_00011.png */; };
		853CEDAF213D3BE7004A26E4 /* page_loading_00005.png in Resources */ = {isa = PBXBuildFile; fileRef = 853CED8C213D3BE4004A26E4 /* page_loading_00005.png */; };
		853CEDB0213D3BE7004A26E4 /* page_loading_00029.png in Resources */ = {isa = PBXBuildFile; fileRef = 853CED8D213D3BE4004A26E4 /* page_loading_00029.png */; };
		853CEDB1213D3BE7004A26E4 /* page_loading_00020.png in Resources */ = {isa = PBXBuildFile; fileRef = 853CED8E213D3BE5004A26E4 /* page_loading_00020.png */; };
		853CEDB2213D3BE7004A26E4 /* page_loading_00019.png in Resources */ = {isa = PBXBuildFile; fileRef = 853CED8F213D3BE5004A26E4 /* page_loading_00019.png */; };
		853CEDB3213D3BE7004A26E4 /* page_loading_00002.png in Resources */ = {isa = PBXBuildFile; fileRef = 853CED90213D3BE6004A26E4 /* page_loading_00002.png */; };
		853CEDB4213D3BE7004A26E4 /* page_loading_00003.png in Resources */ = {isa = PBXBuildFile; fileRef = 853CED91213D3BE6004A26E4 /* page_loading_00003.png */; };
		853CEDB5213D3BE7004A26E4 /* page_loading_00007.png in Resources */ = {isa = PBXBuildFile; fileRef = 853CED92213D3BE6004A26E4 /* page_loading_00007.png */; };
		853CEDB6213D3BE7004A26E4 /* page_loading_00018.png in Resources */ = {isa = PBXBuildFile; fileRef = 853CED93213D3BE7004A26E4 /* page_loading_00018.png */; };
		853CEDB7213D3BE7004A26E4 /* page_loading_00008.png in Resources */ = {isa = PBXBuildFile; fileRef = 853CED94213D3BE7004A26E4 /* page_loading_00008.png */; };
		853CEDBE213D3D3E004A26E4 /* MGJDETAIL_comment_star_half_14x13_@3x.png in Resources */ = {isa = PBXBuildFile; fileRef = 853CEDB8213D3D3B004A26E4 /* MGJDETAIL_comment_star_half_14x13_@3x.png */; };
		853CEDBF213D3D3E004A26E4 /* MGJDETAIL_comment_star_dark_14x13_@2x.png in Resources */ = {isa = PBXBuildFile; fileRef = 853CEDB9213D3D3B004A26E4 /* MGJDETAIL_comment_star_dark_14x13_@2x.png */; };
		853CEDC0213D3D3E004A26E4 /* MGJDETAIL_comment_star_dark_14x13_@3x.png in Resources */ = {isa = PBXBuildFile; fileRef = 853CEDBA213D3D3B004A26E4 /* MGJDETAIL_comment_star_dark_14x13_@3x.png */; };
		853CEDC1213D3D3E004A26E4 /* MGJDETAIL_comment_star_14x13_@3x.png in Resources */ = {isa = PBXBuildFile; fileRef = 853CEDBB213D3D3C004A26E4 /* MGJDETAIL_comment_star_14x13_@3x.png */; };
		853CEDC2213D3D3E004A26E4 /* MGJDETAIL_comment_star_half_14x13_@2x.png in Resources */ = {isa = PBXBuildFile; fileRef = 853CEDBC213D3D3D004A26E4 /* MGJDETAIL_comment_star_half_14x13_@2x.png */; };
		853CEDC3213D3D3E004A26E4 /* MGJDETAIL_comment_star_14x13_@2x.png in Resources */ = {isa = PBXBuildFile; fileRef = 853CEDBD213D3D3D004A26E4 /* MGJDETAIL_comment_star_14x13_@2x.png */; };
		853CEDC6213D4C05004A26E4 /* login_navbar_more@2x.png in Resources */ = {isa = PBXBuildFile; fileRef = 853CEDC4213D4C03004A26E4 /* login_navbar_more@2x.png */; };
		853CEDC7213D4C05004A26E4 /* login_navbar_more@3x.png in Resources */ = {isa = PBXBuildFile; fileRef = 853CEDC5213D4C04004A26E4 /* login_navbar_more@3x.png */; };
		8564021821391B7B009F9D57 /* AppDelegate.m in Sources */ = {isa = PBXBuildFile; fileRef = 8564021721391B7B009F9D57 /* AppDelegate.m */; };
		8564021B21391B7B009F9D57 /* ViewController.m in Sources */ = {isa = PBXBuildFile; fileRef = 8564021A21391B7B009F9D57 /* ViewController.m */; };
		8564021E21391B7B009F9D57 /* Main.storyboard in Resources */ = {isa = PBXBuildFile; fileRef = 8564021C21391B7B009F9D57 /* Main.storyboard */; };
		8564022021391B7E009F9D57 /* Assets.xcassets in Resources */ = {isa = PBXBuildFile; fileRef = 8564021F21391B7E009F9D57 /* Assets.xcassets */; };
		8564022321391B7E009F9D57 /* LaunchScreen.storyboard in Resources */ = {isa = PBXBuildFile; fileRef = 8564022121391B7E009F9D57 /* LaunchScreen.storyboard */; };
		8564022621391B7E009F9D57 /* main.m in Sources */ = {isa = PBXBuildFile; fileRef = 8564022521391B7E009F9D57 /* main.m */; };
		856402382139205C009F9D57 /* AppDelegate+Utils.m in Sources */ = {isa = PBXBuildFile; fileRef = 856402372139205C009F9D57 /* AppDelegate+Utils.m */; };
		8564023C213920A2009F9D57 /* MLSBaseViewController.m in Sources */ = {isa = PBXBuildFile; fileRef = 8564023B213920A2009F9D57 /* MLSBaseViewController.m */; };
		8564025721393218009F9D57 /* MLSCateViewController.m in Sources */ = {isa = PBXBuildFile; fileRef = 8564025521393218009F9D57 /* MLSCateViewController.m */; };
		8564025A21393220009F9D57 /* MLSHomeViewController.m in Sources */ = {isa = PBXBuildFile; fileRef = 8564025921393220009F9D57 /* MLSHomeViewController.m */; };
		8564025E2139322A009F9D57 /* MLSMEViewController.m in Sources */ = {isa = PBXBuildFile; fileRef = 8564025C2139322A009F9D57 /* MLSMEViewController.m */; };
		8564026221393246009F9D57 /* MLSShopViewController.m in Sources */ = {isa = PBXBuildFile; fileRef = 8564026121393246009F9D57 /* MLSShopViewController.m */; };
		8564026A21393263009F9D57 /* MLSNavigationController.m in Sources */ = {isa = PBXBuildFile; fileRef = 8564026821393263009F9D57 /* MLSNavigationController.m */; };
		8564026F213933C8009F9D57 /* MLSTabBarController.m in Sources */ = {isa = PBXBuildFile; fileRef = 8564026E213933C8009F9D57 /* MLSTabBarController.m */; };
		8564027121393527009F9D57 /* AudioToolbox.framework in Frameworks */ = {isa = PBXBuildFile; fileRef = 8564027021393527009F9D57 /* AudioToolbox.framework */; };
		8564027521393783009F9D57 /* MLSColor.m in Sources */ = {isa = PBXBuildFile; fileRef = 8564027421393783009F9D57 /* MLSColor.m */; };
		8564027A21393B0C009F9D57 /* nav_home_30x30_@2x.png in Resources */ = {isa = PBXBuildFile; fileRef = 8564027821393B0B009F9D57 /* nav_home_30x30_@2x.png */; };
		8564027B21393B0C009F9D57 /* nav_home_30x30_@3x.png in Resources */ = {isa = PBXBuildFile; fileRef = 8564027921393B0B009F9D57 /* nav_home_30x30_@3x.png */; };
		8564027E21393B1F009F9D57 /* nav_home_s_30x30_@3x.png in Resources */ = {isa = PBXBuildFile; fileRef = 8564027C21393B1E009F9D57 /* nav_home_s_30x30_@3x.png */; };
		8564027F21393B1F009F9D57 /* nav_home_s_30x30_@2x.png in Resources */ = {isa = PBXBuildFile; fileRef = 8564027D21393B1F009F9D57 /* nav_home_s_30x30_@2x.png */; };
		8564028C21393B47009F9D57 /* nav_me_s_30x30_@3x.png in Resources */ = {isa = PBXBuildFile; fileRef = 8564028021393B3F009F9D57 /* nav_me_s_30x30_@3x.png */; };
		8564028D21393B47009F9D57 /* nav_cat_s_30x30_@2x.png in Resources */ = {isa = PBXBuildFile; fileRef = 8564028121393B40009F9D57 /* nav_cat_s_30x30_@2x.png */; };
		8564028E21393B47009F9D57 /* nav_cart_s_30x30_@2x.png in Resources */ = {isa = PBXBuildFile; fileRef = 8564028221393B41009F9D57 /* nav_cart_s_30x30_@2x.png */; };
		8564028F21393B47009F9D57 /* nav_cart_s_30x30_@3x.png in Resources */ = {isa = PBXBuildFile; fileRef = 8564028321393B41009F9D57 /* nav_cart_s_30x30_@3x.png */; };
		8564029021393B47009F9D57 /* nav_me_30x30_@3x.png in Resources */ = {isa = PBXBuildFile; fileRef = 8564028421393B42009F9D57 /* nav_me_30x30_@3x.png */; };
		8564029121393B47009F9D57 /* nav_me_s_30x30_@2x.png in Resources */ = {isa = PBXBuildFile; fileRef = 8564028521393B43009F9D57 /* nav_me_s_30x30_@2x.png */; };
		8564029221393B47009F9D57 /* nav_cat_30x30_@2x.png in Resources */ = {isa = PBXBuildFile; fileRef = 8564028621393B43009F9D57 /* nav_cat_30x30_@2x.png */; };
		8564029321393B47009F9D57 /* nav_cat_s_30x30_@3x.png in Resources */ = {isa = PBXBuildFile; fileRef = 8564028721393B44009F9D57 /* nav_cat_s_30x30_@3x.png */; };
		8564029421393B47009F9D57 /* nav_me_30x30_@2x.png in Resources */ = {isa = PBXBuildFile; fileRef = 8564028821393B45009F9D57 /* nav_me_30x30_@2x.png */; };
		8564029521393B47009F9D57 /* nav_cart_30x30_@3x.png in Resources */ = {isa = PBXBuildFile; fileRef = 8564028921393B46009F9D57 /* nav_cart_30x30_@3x.png */; };
		8564029621393B47009F9D57 /* nav_cart_30x30_@2x.png in Resources */ = {isa = PBXBuildFile; fileRef = 8564028A21393B46009F9D57 /* nav_cart_30x30_@2x.png */; };
		8564029721393B47009F9D57 /* nav_cat_30x30_@3x.png in Resources */ = {isa = PBXBuildFile; fileRef = 8564028B21393B47009F9D57 /* nav_cat_30x30_@3x.png */; };
		8564029A213945EC009F9D57 /* YYFPSLabel.m in Sources */ = {isa = PBXBuildFile; fileRef = 85640299213945EC009F9D57 /* YYFPSLabel.m */; };
		8564029E21394836009F9D57 /* MLSLoginViewController.m in Sources */ = {isa = PBXBuildFile; fileRef = 8564029D21394836009F9D57 /* MLSLoginViewController.m */; };
		856402A221394862009F9D57 /* MLSRegisViewController.m in Sources */ = {isa = PBXBuildFile; fileRef = 856402A121394862009F9D57 /* MLSRegisViewController.m */; };
		856402A5213948B0009F9D57 /* UIImageView+ImageViewTool.m in Sources */ = {isa = PBXBuildFile; fileRef = 856402A4213948B0009F9D57 /* UIImageView+ImageViewTool.m */; };
		856402A7213948D5009F9D57 /* ImageIO.framework in Frameworks */ = {isa = PBXBuildFile; fileRef = 856402A6213948D5009F9D57 /* ImageIO.framework */; };
		856402A9213949A1009F9D57 /* like.caf in Resources */ = {isa = PBXBuildFile; fileRef = 856402A8213949A0009F9D57 /* like.caf */; };
		856402AD213963E8009F9D57 /* ZMNavView.m in Sources */ = {isa = PBXBuildFile; fileRef = 856402AC213963E8009F9D57 /* ZMNavView.m */; };
/* End PBXBuildFile section */

/* Begin PBXFileReference section */
		117F7FD0434B88D748E6C682 /* Pods-BeautifulSaid.release.xcconfig */ = {isa = PBXFileReference; includeInIndex = 1; lastKnownFileType = text.xcconfig; name = "Pods-BeautifulSaid.release.xcconfig"; path = "Pods/Target Support Files/Pods-BeautifulSaid/Pods-BeautifulSaid.release.xcconfig"; sourceTree = "<group>"; };
		853CED40213CE72D004A26E4 /* MLSearchView.h */ = {isa = PBXFileReference; lastKnownFileType = sourcecode.c.h; path = MLSearchView.h; sourceTree = "<group>"; };
		853CED41213CE72D004A26E4 /* MLSearchView.m */ = {isa = PBXFileReference; lastKnownFileType = sourcecode.c.objc; path = MLSearchView.m; sourceTree = "<group>"; };
		853CED44213CFEDA004A26E4 /* homepage_scan_icon@2x.png */ = {isa = PBXFileReference; lastKnownFileType = image.png; path = "homepage_scan_icon@2x.png"; sourceTree = "<group>"; };
		853CED45213CFEDA004A26E4 /* homepage_scan_icon@3x.png */ = {isa = PBXFileReference; lastKnownFileType = image.png; path = "homepage_scan_icon@3x.png"; sourceTree = "<group>"; };
		853CED46213CFEDB004A26E4 /* homepage_search_icon@2x.png */ = {isa = PBXFileReference; lastKnownFileType = image.png; path = "homepage_search_icon@2x.png"; sourceTree = "<group>"; };
		853CED47213CFEDB004A26E4 /* homepage_search_icon@3x.png */ = {isa = PBXFileReference; lastKnownFileType = image.png; path = "homepage_search_icon@3x.png"; sourceTree = "<group>"; };
		853CED4C213D0057004A26E4 /* global_nav_msg_white_20x18_@2x.png */ = {isa = PBXFileReference; lastKnownFileType = image.png; path = "global_nav_msg_white_20x18_@2x.png"; sourceTree = "<group>"; };
		853CED4E213D0095004A26E4 /* global_back_10x25_@3x.png */ = {isa = PBXFileReference; lastKnownFileType = image.png; path = "global_back_10x25_@3x.png"; sourceTree = "<group>"; };
		853CED4F213D0095004A26E4 /* global_back_10x25_@2x.png */ = {isa = PBXFileReference; lastKnownFileType = image.png; path = "global_back_10x25_@2x.png"; sourceTree = "<group>"; };
		853CED52213D0B4E004A26E4 /* YYTableView.h */ = {isa = PBXFileReference; fileEncoding = 4; lastKnownFileType = sourcecode.c.h; path = YYTableView.h; sourceTree = "<group>"; };
		853CED53213D0B4E004A26E4 /* YYTableViewCell.m */ = {isa = PBXFileReference; fileEncoding = 4; lastKnownFileType = sourcecode.c.objc; path = YYTableViewCell.m; sourceTree = "<group>"; };
		853CED54213D0B4E004A26E4 /* YYTableViewCell.h */ = {isa = PBXFileReference; fileEncoding = 4; lastKnownFileType = sourcecode.c.h; path = YYTableViewCell.h; sourceTree = "<group>"; };
		853CED55213D0B4E004A26E4 /* YYTableView.m */ = {isa = PBXFileReference; fileEncoding = 4; lastKnownFileType = sourcecode.c.objc; path = YYTableView.m; sourceTree = "<group>"; };
		853CED5A213D1583004A26E4 /* HomeTableViewCell.h */ = {isa = PBXFileReference; lastKnownFileType = sourcecode.c.h; path = HomeTableViewCell.h; sourceTree = "<group>"; };
		853CED5B213D1583004A26E4 /* HomeTableViewCell.m */ = {isa = PBXFileReference; lastKnownFileType = sourcecode.c.objc; path = HomeTableViewCell.m; sourceTree = "<group>"; };
		853CED5E213D1681004A26E4 /* ZMNetworkHelper.h */ = {isa = PBXFileReference; fileEncoding = 4; lastKnownFileType = sourcecode.c.h; path = ZMNetworkHelper.h; sourceTree = "<group>"; };
		853CED5F213D1681004A26E4 /* ZMNetworkHelper.m */ = {isa = PBXFileReference; fileEncoding = 4; lastKnownFileType = sourcecode.c.objc; path = ZMNetworkHelper.m; sourceTree = "<group>"; };
		853CED63213D1D15004A26E4 /* Info.plist */ = {isa = PBXFileReference; fileEncoding = 4; lastKnownFileType = text.plist.xml; path = Info.plist; sourceTree = "<group>"; };
		853CED65213D23C2004A26E4 /* YYCollectionViewcell.h */ = {isa = PBXFileReference; lastKnownFileType = sourcecode.c.h; path = YYCollectionViewcell.h; sourceTree = "<group>"; };
		853CED66213D23C2004A26E4 /* YYCollectionViewcell.m */ = {isa = PBXFileReference; lastKnownFileType = sourcecode.c.objc; path = YYCollectionViewcell.m; sourceTree = "<group>"; };
		853CED68213D23E9004A26E4 /* YYCollectionView.h */ = {isa = PBXFileReference; lastKnownFileType = sourcecode.c.h; path = YYCollectionView.h; sourceTree = "<group>"; };
		853CED69213D23E9004A26E4 /* YYCollectionView.m */ = {isa = PBXFileReference; lastKnownFileType = sourcecode.c.objc; path = YYCollectionView.m; sourceTree = "<group>"; };
		853CED6B213D25FC004A26E4 /* HomeCollectionViewCell.h */ = {isa = PBXFileReference; lastKnownFileType = sourcecode.c.h; path = HomeCollectionViewCell.h; sourceTree = "<group>"; };
		853CED6C213D25FC004A26E4 /* HomeCollectionViewCell.m */ = {isa = PBXFileReference; lastKnownFileType = sourcecode.c.objc; path = HomeCollectionViewCell.m; sourceTree = "<group>"; };
		853CED6E213D296B004A26E4 /* HomeModels.h */ = {isa = PBXFileReference; lastKnownFileType = sourcecode.c.h; path = HomeModels.h; sourceTree = "<group>"; };
		853CED6F213D296B004A26E4 /* HomeModels.m */ = {isa = PBXFileReference; lastKnownFileType = sourcecode.c.objc; path = HomeModels.m; sourceTree = "<group>"; };
		853CED72213D3BDC004A26E4 /* page_loading_00030.png */ = {isa = PBXFileReference; lastKnownFileType = image.png; path = page_loading_00030.png; sourceTree = "<group>"; };
		853CED73213D3BDC004A26E4 /* page_loading_00006.png */ = {isa = PBXFileReference; lastKnownFileType = image.png; path = page_loading_00006.png; sourceTree = "<group>"; };
		853CED74213D3BDC004A26E4 /* page_loading_00026.png */ = {isa = PBXFileReference; lastKnownFileType = image.png; path = page_loading_00026.png; sourceTree = "<group>"; };
		853CED75213D3BDD004A26E4 /* page_loading_00022.png */ = {isa = PBXFileReference; lastKnownFileType = image.png; path = page_loading_00022.png; sourceTree = "<group>"; };
		853CED76213D3BDD004A26E4 /* page_loading_00014.png */ = {isa = PBXFileReference; lastKnownFileType = image.png; path = page_loading_00014.png; sourceTree = "<group>"; };
		853CED77213D3BDE004A26E4 /* page_loading_00000.png */ = {isa = PBXFileReference; lastKnownFileType = image.png; path = page_loading_00000.png; sourceTree = "<group>"; };
		853CED78213D3BDE004A26E4 /* page_loading_00031.png */ = {isa = PBXFileReference; lastKnownFileType = image.png; path = page_loading_00031.png; sourceTree = "<group>"; };
		853CED79213D3BDE004A26E4 /* page_loading_00034.png */ = {isa = PBXFileReference; lastKnownFileType = image.png; path = page_loading_00034.png; sourceTree = "<group>"; };
		853CED7A213D3BDE004A26E4 /* page_loading_00024.png */ = {isa = PBXFileReference; lastKnownFileType = image.png; path = page_loading_00024.png; sourceTree = "<group>"; };
		853CED7B213D3BDF004A26E4 /* page_loading_00032.png */ = {isa = PBXFileReference; lastKnownFileType = image.png; path = page_loading_00032.png; sourceTree = "<group>"; };
		853CED7C213D3BDF004A26E4 /* page_loading_00027.png */ = {isa = PBXFileReference; lastKnownFileType = image.png; path = page_loading_00027.png; sourceTree = "<group>"; };
		853CED7D213D3BDF004A26E4 /* page_loading_00009.png */ = {isa = PBXFileReference; lastKnownFileType = image.png; path = page_loading_00009.png; sourceTree = "<group>"; };
		853CED7E213D3BDF004A26E4 /* page_loading_00023.png */ = {isa = PBXFileReference; lastKnownFileType = image.png; path = page_loading_00023.png; sourceTree = "<group>"; };
		853CED7F213D3BE0004A26E4 /* page_loading_00025.png */ = {isa = PBXFileReference; lastKnownFileType = image.png; path = page_loading_00025.png; sourceTree = "<group>"; };
		853CED80213D3BE0004A26E4 /* page_loading_00017.png */ = {isa = PBXFileReference; lastKnownFileType = image.png; path = page_loading_00017.png; sourceTree = "<group>"; };
		853CED81213D3BE0004A26E4 /* page_loading_00012.png */ = {isa = PBXFileReference; lastKnownFileType = image.png; path = page_loading_00012.png; sourceTree = "<group>"; };
		853CED82213D3BE1004A26E4 /* page_loading_00004.png */ = {isa = PBXFileReference; lastKnownFileType = image.png; path = page_loading_00004.png; sourceTree = "<group>"; };
		853CED83213D3BE1004A26E4 /* page_loading_00001.png */ = {isa = PBXFileReference; lastKnownFileType = image.png; path = page_loading_00001.png; sourceTree = "<group>"; };
		853CED84213D3BE1004A26E4 /* page_loading_00016.png */ = {isa = PBXFileReference; lastKnownFileType = image.png; path = page_loading_00016.png; sourceTree = "<group>"; };
		853CED85213D3BE2004A26E4 /* page_loading_00033.png */ = {isa = PBXFileReference; lastKnownFileType = image.png; path = page_loading_00033.png; sourceTree = "<group>"; };
		853CED86213D3BE2004A26E4 /* page_loading_00010.png */ = {isa = PBXFileReference; lastKnownFileType = image.png; path = page_loading_00010.png; sourceTree = "<group>"; };
		853CED87213D3BE3004A26E4 /* page_loading_00021.png */ = {isa = PBXFileReference; lastKnownFileType = image.png; path = page_loading_00021.png; sourceTree = "<group>"; };
		853CED88213D3BE3004A26E4 /* page_loading_00028.png */ = {isa = PBXFileReference; lastKnownFileType = image.png; path = page_loading_00028.png; sourceTree = "<group>"; };
		853CED89213D3BE3004A26E4 /* page_loading_00013.png */ = {isa = PBXFileReference; lastKnownFileType = image.png; path = page_loading_00013.png; sourceTree = "<group>"; };
		853CED8A213D3BE3004A26E4 /* page_loading_00015.png */ = {isa = PBXFileReference; lastKnownFileType = image.png; path = page_loading_00015.png; sourceTree = "<group>"; };
		853CED8B213D3BE4004A26E4 /* page_loading_00011.png */ = {isa = PBXFileReference; lastKnownFileType = image.png; path = page_loading_00011.png; sourceTree = "<group>"; };
		853CED8C213D3BE4004A26E4 /* page_loading_00005.png */ = {isa = PBXFileReference; lastKnownFileType = image.png; path = page_loading_00005.png; sourceTree = "<group>"; };
		853CED8D213D3BE4004A26E4 /* page_loading_00029.png */ = {isa = PBXFileReference; lastKnownFileType = image.png; path = page_loading_00029.png; sourceTree = "<group>"; };
		853CED8E213D3BE5004A26E4 /* page_loading_00020.png */ = {isa = PBXFileReference; lastKnownFileType = image.png; path = page_loading_00020.png; sourceTree = "<group>"; };
		853CED8F213D3BE5004A26E4 /* page_loading_00019.png */ = {isa = PBXFileReference; lastKnownFileType = image.png; path = page_loading_00019.png; sourceTree = "<group>"; };
		853CED90213D3BE6004A26E4 /* page_loading_00002.png */ = {isa = PBXFileReference; lastKnownFileType = image.png; path = page_loading_00002.png; sourceTree = "<group>"; };
		853CED91213D3BE6004A26E4 /* page_loading_00003.png */ = {isa = PBXFileReference; lastKnownFileType = image.png; path = page_loading_00003.png; sourceTree = "<group>"; };
		853CED92213D3BE6004A26E4 /* page_loading_00007.png */ = {isa = PBXFileReference; lastKnownFileType = image.png; path = page_loading_00007.png; sourceTree = "<group>"; };
		853CED93213D3BE7004A26E4 /* page_loading_00018.png */ = {isa = PBXFileReference; lastKnownFileType = image.png; path = page_loading_00018.png; sourceTree = "<group>"; };
		853CED94213D3BE7004A26E4 /* page_loading_00008.png */ = {isa = PBXFileReference; lastKnownFileType = image.png; path = page_loading_00008.png; sourceTree = "<group>"; };
		853CEDB8213D3D3B004A26E4 /* MGJDETAIL_comment_star_half_14x13_@3x.png */ = {isa = PBXFileReference; lastKnownFileType = image.png; path = "MGJDETAIL_comment_star_half_14x13_@3x.png"; sourceTree = "<group>"; };
		853CEDB9213D3D3B004A26E4 /* MGJDETAIL_comment_star_dark_14x13_@2x.png */ = {isa = PBXFileReference; lastKnownFileType = image.png; path = "MGJDETAIL_comment_star_dark_14x13_@2x.png"; sourceTree = "<group>"; };
		853CEDBA213D3D3B004A26E4 /* MGJDETAIL_comment_star_dark_14x13_@3x.png */ = {isa = PBXFileReference; lastKnownFileType = image.png; path = "MGJDETAIL_comment_star_dark_14x13_@3x.png"; sourceTree = "<group>"; };
		853CEDBB213D3D3C004A26E4 /* MGJDETAIL_comment_star_14x13_@3x.png */ = {isa = PBXFileReference; lastKnownFileType = image.png; path = "MGJDETAIL_comment_star_14x13_@3x.png"; sourceTree = "<group>"; };
		853CEDBC213D3D3D004A26E4 /* MGJDETAIL_comment_star_half_14x13_@2x.png */ = {isa = PBXFileReference; lastKnownFileType = image.png; path = "MGJDETAIL_comment_star_half_14x13_@2x.png"; sourceTree = "<group>"; };
		853CEDBD213D3D3D004A26E4 /* MGJDETAIL_comment_star_14x13_@2x.png */ = {isa = PBXFileReference; lastKnownFileType = image.png; path = "MGJDETAIL_comment_star_14x13_@2x.png"; sourceTree = "<group>"; };
		853CEDC4213D4C03004A26E4 /* login_navbar_more@2x.png */ = {isa = PBXFileReference; lastKnownFileType = image.png; path = "login_navbar_more@2x.png"; sourceTree = "<group>"; };
		853CEDC5213D4C04004A26E4 /* login_navbar_more@3x.png */ = {isa = PBXFileReference; lastKnownFileType = image.png; path = "login_navbar_more@3x.png"; sourceTree = "<group>"; };
		8564021321391B7B009F9D57 /* BeautifulSaid.app */ = {isa = PBXFileReference; explicitFileType = wrapper.application; includeInIndex = 0; path = BeautifulSaid.app; sourceTree = BUILT_PRODUCTS_DIR; };
		8564021621391B7B009F9D57 /* AppDelegate.h */ = {isa = PBXFileReference; lastKnownFileType = sourcecode.c.h; path = AppDelegate.h; sourceTree = "<group>"; };
		8564021721391B7B009F9D57 /* AppDelegate.m */ = {isa = PBXFileReference; lastKnownFileType = sourcecode.c.objc; path = AppDelegate.m; sourceTree = "<group>"; };
		8564021921391B7B009F9D57 /* ViewController.h */ = {isa = PBXFileReference; lastKnownFileType = sourcecode.c.h; path = ViewController.h; sourceTree = "<group>"; };
		8564021A21391B7B009F9D57 /* ViewController.m */ = {isa = PBXFileReference; lastKnownFileType = sourcecode.c.objc; path = ViewController.m; sourceTree = "<group>"; };
		8564021D21391B7B009F9D57 /* Base */ = {isa = PBXFileReference; lastKnownFileType = file.storyboard; name = Base; path = Base.lproj/Main.storyboard; sourceTree = "<group>"; };
		8564021F21391B7E009F9D57 /* Assets.xcassets */ = {isa = PBXFileReference; lastKnownFileType = folder.assetcatalog; path = Assets.xcassets; sourceTree = "<group>"; };
		8564022221391B7E009F9D57 /* Base */ = {isa = PBXFileReference; lastKnownFileType = file.storyboard; name = Base; path = Base.lproj/LaunchScreen.storyboard; sourceTree = "<group>"; };
		8564022521391B7E009F9D57 /* main.m */ = {isa = PBXFileReference; lastKnownFileType = sourcecode.c.objc; path = main.m; sourceTree = "<group>"; };
		8564023421391FF4009F9D57 /* MLSHeaderPrefix.pch */ = {isa = PBXFileReference; lastKnownFileType = sourcecode.c.h; path = MLSHeaderPrefix.pch; sourceTree = "<group>"; };
		856402352139201E009F9D57 /* MLSContent.h */ = {isa = PBXFileReference; lastKnownFileType = sourcecode.c.h; path = MLSContent.h; sourceTree = "<group>"; };
		856402362139205C009F9D57 /* AppDelegate+Utils.h */ = {isa = PBXFileReference; lastKnownFileType = sourcecode.c.h; path = "AppDelegate+Utils.h"; sourceTree = "<group>"; };
		856402372139205C009F9D57 /* AppDelegate+Utils.m */ = {isa = PBXFileReference; lastKnownFileType = sourcecode.c.objc; path = "AppDelegate+Utils.m"; sourceTree = "<group>"; };
		8564023A213920A2009F9D57 /* MLSBaseViewController.h */ = {isa = PBXFileReference; lastKnownFileType = sourcecode.c.h; path = MLSBaseViewController.h; sourceTree = "<group>"; };
		8564023B213920A2009F9D57 /* MLSBaseViewController.m */ = {isa = PBXFileReference; lastKnownFileType = sourcecode.c.objc; path = MLSBaseViewController.m; sourceTree = "<group>"; };
		8564025521393218009F9D57 /* MLSCateViewController.m */ = {isa = PBXFileReference; fileEncoding = 4; lastKnownFileType = sourcecode.c.objc; path = MLSCateViewController.m; sourceTree = "<group>"; };
		8564025621393218009F9D57 /* MLSCateViewController.h */ = {isa = PBXFileReference; fileEncoding = 4; lastKnownFileType = sourcecode.c.h; path = MLSCateViewController.h; sourceTree = "<group>"; };
		8564025821393220009F9D57 /* MLSHomeViewController.h */ = {isa = PBXFileReference; fileEncoding = 4; lastKnownFileType = sourcecode.c.h; path = MLSHomeViewController.h; sourceTree = "<group>"; };
		8564025921393220009F9D57 /* MLSHomeViewController.m */ = {isa = PBXFileReference; fileEncoding = 4; lastKnownFileType = sourcecode.c.objc; path = MLSHomeViewController.m; sourceTree = "<group>"; };
		8564025C2139322A009F9D57 /* MLSMEViewController.m */ = {isa = PBXFileReference; fileEncoding = 4; lastKnownFileType = sourcecode.c.objc; path = MLSMEViewController.m; sourceTree = "<group>"; };
		8564025D2139322A009F9D57 /* MLSMEViewController.h */ = {isa = PBXFileReference; fileEncoding = 4; lastKnownFileType = sourcecode.c.h; path = MLSMEViewController.h; sourceTree = "<group>"; };
		8564026021393246009F9D57 /* MLSShopViewController.h */ = {isa = PBXFileReference; fileEncoding = 4; lastKnownFileType = sourcecode.c.h; path = MLSShopViewController.h; sourceTree = "<group>"; };
		8564026121393246009F9D57 /* MLSShopViewController.m */ = {isa = PBXFileReference; fileEncoding = 4; lastKnownFileType = sourcecode.c.objc; path = MLSShopViewController.m; sourceTree = "<group>"; };
		8564026821393263009F9D57 /* MLSNavigationController.m */ = {isa = PBXFileReference; fileEncoding = 4; lastKnownFileType = sourcecode.c.objc; path = MLSNavigationController.m; sourceTree = "<group>"; };
		8564026921393263009F9D57 /* MLSNavigationController.h */ = {isa = PBXFileReference; fileEncoding = 4; lastKnownFileType = sourcecode.c.h; path = MLSNavigationController.h; sourceTree = "<group>"; };
		8564026D213933C8009F9D57 /* MLSTabBarController.h */ = {isa = PBXFileReference; lastKnownFileType = sourcecode.c.h; path = MLSTabBarController.h; sourceTree = "<group>"; };
		8564026E213933C8009F9D57 /* MLSTabBarController.m */ = {isa = PBXFileReference; lastKnownFileType = sourcecode.c.objc; path = MLSTabBarController.m; sourceTree = "<group>"; };
		8564027021393527009F9D57 /* AudioToolbox.framework */ = {isa = PBXFileReference; lastKnownFileType = wrapper.framework; name = AudioToolbox.framework; path = System/Library/Frameworks/AudioToolbox.framework; sourceTree = SDKROOT; };
		8564027321393783009F9D57 /* MLSColor.h */ = {isa = PBXFileReference; lastKnownFileType = sourcecode.c.h; path = MLSColor.h; sourceTree = "<group>"; };
		8564027421393783009F9D57 /* MLSColor.m */ = {isa = PBXFileReference; lastKnownFileType = sourcecode.c.objc; path = MLSColor.m; sourceTree = "<group>"; };
		8564027821393B0B009F9D57 /* nav_home_30x30_@2x.png */ = {isa = PBXFileReference; lastKnownFileType = image.png; path = "nav_home_30x30_@2x.png"; sourceTree = "<group>"; };
		8564027921393B0B009F9D57 /* nav_home_30x30_@3x.png */ = {isa = PBXFileReference; lastKnownFileType = image.png; path = "nav_home_30x30_@3x.png"; sourceTree = "<group>"; };
		8564027C21393B1E009F9D57 /* nav_home_s_30x30_@3x.png */ = {isa = PBXFileReference; lastKnownFileType = image.png; path = "nav_home_s_30x30_@3x.png"; sourceTree = "<group>"; };
		8564027D21393B1F009F9D57 /* nav_home_s_30x30_@2x.png */ = {isa = PBXFileReference; lastKnownFileType = image.png; path = "nav_home_s_30x30_@2x.png"; sourceTree = "<group>"; };
		8564028021393B3F009F9D57 /* nav_me_s_30x30_@3x.png */ = {isa = PBXFileReference; lastKnownFileType = image.png; path = "nav_me_s_30x30_@3x.png"; sourceTree = "<group>"; };
		8564028121393B40009F9D57 /* nav_cat_s_30x30_@2x.png */ = {isa = PBXFileReference; lastKnownFileType = image.png; path = "nav_cat_s_30x30_@2x.png"; sourceTree = "<group>"; };
		8564028221393B41009F9D57 /* nav_cart_s_30x30_@2x.png */ = {isa = PBXFileReference; lastKnownFileType = image.png; path = "nav_cart_s_30x30_@2x.png"; sourceTree = "<group>"; };
		8564028321393B41009F9D57 /* nav_cart_s_30x30_@3x.png */ = {isa = PBXFileReference; lastKnownFileType = image.png; path = "nav_cart_s_30x30_@3x.png"; sourceTree = "<group>"; };
		8564028421393B42009F9D57 /* nav_me_30x30_@3x.png */ = {isa = PBXFileReference; lastKnownFileType = image.png; path = "nav_me_30x30_@3x.png"; sourceTree = "<group>"; };
		8564028521393B43009F9D57 /* nav_me_s_30x30_@2x.png */ = {isa = PBXFileReference; lastKnownFileType = image.png; path = "nav_me_s_30x30_@2x.png"; sourceTree = "<group>"; };
		8564028621393B43009F9D57 /* nav_cat_30x30_@2x.png */ = {isa = PBXFileReference; lastKnownFileType = image.png; path = "nav_cat_30x30_@2x.png"; sourceTree = "<group>"; };
		8564028721393B44009F9D57 /* nav_cat_s_30x30_@3x.png */ = {isa = PBXFileReference; lastKnownFileType = image.png; path = "nav_cat_s_30x30_@3x.png"; sourceTree = "<group>"; };
		8564028821393B45009F9D57 /* nav_me_30x30_@2x.png */ = {isa = PBXFileReference; lastKnownFileType = image.png; path = "nav_me_30x30_@2x.png"; sourceTree = "<group>"; };
		8564028921393B46009F9D57 /* nav_cart_30x30_@3x.png */ = {isa = PBXFileReference; lastKnownFileType = image.png; path = "nav_cart_30x30_@3x.png"; sourceTree = "<group>"; };
		8564028A21393B46009F9D57 /* nav_cart_30x30_@2x.png */ = {isa = PBXFileReference; lastKnownFileType = image.png; path = "nav_cart_30x30_@2x.png"; sourceTree = "<group>"; };
		8564028B21393B47009F9D57 /* nav_cat_30x30_@3x.png */ = {isa = PBXFileReference; lastKnownFileType = image.png; path = "nav_cat_30x30_@3x.png"; sourceTree = "<group>"; };
		85640298213945EC009F9D57 /* YYFPSLabel.h */ = {isa = PBXFileReference; lastKnownFileType = sourcecode.c.h; path = YYFPSLabel.h; sourceTree = "<group>"; };
		85640299213945EC009F9D57 /* YYFPSLabel.m */ = {isa = PBXFileReference; lastKnownFileType = sourcecode.c.objc; path = YYFPSLabel.m; sourceTree = "<group>"; };
		8564029C21394836009F9D57 /* MLSLoginViewController.h */ = {isa = PBXFileReference; lastKnownFileType = sourcecode.c.h; path = MLSLoginViewController.h; sourceTree = "<group>"; };
		8564029D21394836009F9D57 /* MLSLoginViewController.m */ = {isa = PBXFileReference; lastKnownFileType = sourcecode.c.objc; path = MLSLoginViewController.m; sourceTree = "<group>"; };
		856402A021394862009F9D57 /* MLSRegisViewController.h */ = {isa = PBXFileReference; lastKnownFileType = sourcecode.c.h; path = MLSRegisViewController.h; sourceTree = "<group>"; };
		856402A121394862009F9D57 /* MLSRegisViewController.m */ = {isa = PBXFileReference; lastKnownFileType = sourcecode.c.objc; path = MLSRegisViewController.m; sourceTree = "<group>"; };
		856402A3213948B0009F9D57 /* UIImageView+ImageViewTool.h */ = {isa = PBXFileReference; lastKnownFileType = sourcecode.c.h; path = "UIImageView+ImageViewTool.h"; sourceTree = "<group>"; };
		856402A4213948B0009F9D57 /* UIImageView+ImageViewTool.m */ = {isa = PBXFileReference; lastKnownFileType = sourcecode.c.objc; path = "UIImageView+ImageViewTool.m"; sourceTree = "<group>"; };
		856402A6213948D5009F9D57 /* ImageIO.framework */ = {isa = PBXFileReference; lastKnownFileType = wrapper.framework; name = ImageIO.framework; path = System/Library/Frameworks/ImageIO.framework; sourceTree = SDKROOT; };
		856402A8213949A0009F9D57 /* like.caf */ = {isa = PBXFileReference; lastKnownFileType = file; path = like.caf; sourceTree = "<group>"; };
		856402AB213963E8009F9D57 /* ZMNavView.h */ = {isa = PBXFileReference; lastKnownFileType = sourcecode.c.h; path = ZMNavView.h; sourceTree = "<group>"; };
		856402AC213963E8009F9D57 /* ZMNavView.m */ = {isa = PBXFileReference; lastKnownFileType = sourcecode.c.objc; path = ZMNavView.m; sourceTree = "<group>"; };
		8C205711D4DD5120F4B6C02B /* libPods-BeautifulSaid.a */ = {isa = PBXFileReference; explicitFileType = archive.ar; includeInIndex = 0; path = "libPods-BeautifulSaid.a"; sourceTree = BUILT_PRODUCTS_DIR; };
		F4D31CEF2A75F53FB82C7423 /* Pods-BeautifulSaid.debug.xcconfig */ = {isa = PBXFileReference; includeInIndex = 1; lastKnownFileType = text.xcconfig; name = "Pods-BeautifulSaid.debug.xcconfig"; path = "Pods/Target Support Files/Pods-BeautifulSaid/Pods-BeautifulSaid.debug.xcconfig"; sourceTree = "<group>"; };
/* End PBXFileReference section */

/* Begin PBXFrameworksBuildPhase section */
		8564021021391B7B009F9D57 /* Frameworks */ = {
			isa = PBXFrameworksBuildPhase;
			buildActionMask = 2147483647;
			files = (
				856402A7213948D5009F9D57 /* ImageIO.framework in Frameworks */,
				8564027121393527009F9D57 /* AudioToolbox.framework in Frameworks */,
				63E7A0D46C1D5E84C253BD53 /* libPods-BeautifulSaid.a in Frameworks */,
			);
			runOnlyForDeploymentPostprocessing = 0;
		};
/* End PBXFrameworksBuildPhase section */

/* Begin PBXGroup section */
		25F52451689C09278F770E16 /* Frameworks */ = {
			isa = PBXGroup;
			children = (
				856402A6213948D5009F9D57 /* ImageIO.framework */,
				8564027021393527009F9D57 /* AudioToolbox.framework */,
				8C205711D4DD5120F4B6C02B /* libPods-BeautifulSaid.a */,
			);
			name = Frameworks;
			sourceTree = "<group>";
		};
		853CED43213CFEC6004A26E4 /* HomeImages */ = {
			isa = PBXGroup;
			children = (
				853CEDC4213D4C03004A26E4 /* login_navbar_more@2x.png */,
				853CEDC5213D4C04004A26E4 /* login_navbar_more@3x.png */,
				853CEDBD213D3D3D004A26E4 /* MGJDETAIL_comment_star_14x13_@2x.png */,
				853CEDBB213D3D3C004A26E4 /* MGJDETAIL_comment_star_14x13_@3x.png */,
				853CEDB9213D3D3B004A26E4 /* MGJDETAIL_comment_star_dark_14x13_@2x.png */,
				853CEDBA213D3D3B004A26E4 /* MGJDETAIL_comment_star_dark_14x13_@3x.png */,
				853CEDBC213D3D3D004A26E4 /* MGJDETAIL_comment_star_half_14x13_@2x.png */,
				853CEDB8213D3D3B004A26E4 /* MGJDETAIL_comment_star_half_14x13_@3x.png */,
				853CED4F213D0095004A26E4 /* global_back_10x25_@2x.png */,
				853CED4E213D0095004A26E4 /* global_back_10x25_@3x.png */,
				853CED4C213D0057004A26E4 /* global_nav_msg_white_20x18_@2x.png */,
				853CED44213CFEDA004A26E4 /* homepage_scan_icon@2x.png */,
				853CED45213CFEDA004A26E4 /* homepage_scan_icon@3x.png */,
				853CED46213CFEDB004A26E4 /* homepage_search_icon@2x.png */,
				853CED47213CFEDB004A26E4 /* homepage_search_icon@3x.png */,
			);
			path = HomeImages;
			sourceTree = "<group>";
		};
		853CED58213D1569004A26E4 /* View */ = {
			isa = PBXGroup;
			children = (
				853CED5A213D1583004A26E4 /* HomeTableViewCell.h */,
				853CED5B213D1583004A26E4 /* HomeTableViewCell.m */,
				853CED6B213D25FC004A26E4 /* HomeCollectionViewCell.h */,
				853CED6C213D25FC004A26E4 /* HomeCollectionViewCell.m */,
			);
			path = View;
			sourceTree = "<group>";
		};
		853CED59213D156F004A26E4 /* Models */ = {
			isa = PBXGroup;
			children = (
				853CED6E213D296B004A26E4 /* HomeModels.h */,
				853CED6F213D296B004A26E4 /* HomeModels.m */,
			);
			path = Models;
			sourceTree = "<group>";
		};
		853CED5D213D1672004A26E4 /* Networking */ = {
			isa = PBXGroup;
			children = (
				853CED5E213D1681004A26E4 /* ZMNetworkHelper.h */,
				853CED5F213D1681004A26E4 /* ZMNetworkHelper.m */,
			);
			path = Networking;
			sourceTree = "<group>";
		};
		853CED71213D3BBA004A26E4 /* page_loading */ = {
			isa = PBXGroup;
			children = (
				853CED77213D3BDE004A26E4 /* page_loading_00000.png */,
				853CED83213D3BE1004A26E4 /* page_loading_00001.png */,
				853CED90213D3BE6004A26E4 /* page_loading_00002.png */,
				853CED91213D3BE6004A26E4 /* page_loading_00003.png */,
				853CED82213D3BE1004A26E4 /* page_loading_00004.png */,
				853CED8C213D3BE4004A26E4 /* page_loading_00005.png */,
				853CED73213D3BDC004A26E4 /* page_loading_00006.png */,
				853CED92213D3BE6004A26E4 /* page_loading_00007.png */,
				853CED94213D3BE7004A26E4 /* page_loading_00008.png */,
				853CED7D213D3BDF004A26E4 /* page_loading_00009.png */,
				853CED86213D3BE2004A26E4 /* page_loading_00010.png */,
				853CED8B213D3BE4004A26E4 /* page_loading_00011.png */,
				853CED81213D3BE0004A26E4 /* page_loading_00012.png */,
				853CED89213D3BE3004A26E4 /* page_loading_00013.png */,
				853CED76213D3BDD004A26E4 /* page_loading_00014.png */,
				853CED8A213D3BE3004A26E4 /* page_loading_00015.png */,
				853CED84213D3BE1004A26E4 /* page_loading_00016.png */,
				853CED80213D3BE0004A26E4 /* page_loading_00017.png */,
				853CED93213D3BE7004A26E4 /* page_loading_00018.png */,
				853CED8F213D3BE5004A26E4 /* page_loading_00019.png */,
				853CED8E213D3BE5004A26E4 /* page_loading_00020.png */,
				853CED87213D3BE3004A26E4 /* page_loading_00021.png */,
				853CED75213D3BDD004A26E4 /* page_loading_00022.png */,
				853CED7E213D3BDF004A26E4 /* page_loading_00023.png */,
				853CED7A213D3BDE004A26E4 /* page_loading_00024.png */,
				853CED7F213D3BE0004A26E4 /* page_loading_00025.png */,
				853CED74213D3BDC004A26E4 /* page_loading_00026.png */,
				853CED7C213D3BDF004A26E4 /* page_loading_00027.png */,
				853CED88213D3BE3004A26E4 /* page_loading_00028.png */,
				853CED8D213D3BE4004A26E4 /* page_loading_00029.png */,
				853CED72213D3BDC004A26E4 /* page_loading_00030.png */,
				853CED78213D3BDE004A26E4 /* page_loading_00031.png */,
				853CED7B213D3BDF004A26E4 /* page_loading_00032.png */,
				853CED85213D3BE2004A26E4 /* page_loading_00033.png */,
				853CED79213D3BDE004A26E4 /* page_loading_00034.png */,
			);
			path = page_loading;
			sourceTree = "<group>";
		};
		8564020A21391B7A009F9D57 = {
			isa = PBXGroup;
			children = (
				8564021521391B7B009F9D57 /* BeautifulSaid */,
				8564021421391B7B009F9D57 /* Products */,
				A79131021D7E6D91698F9FBE /* Pods */,
				25F52451689C09278F770E16 /* Frameworks */,
			);
			sourceTree = "<group>";
		};
		8564021421391B7B009F9D57 /* Products */ = {
			isa = PBXGroup;
			children = (
				8564021321391B7B009F9D57 /* BeautifulSaid.app */,
			);
			name = Products;
			sourceTree = "<group>";
		};
		8564021521391B7B009F9D57 /* BeautifulSaid */ = {
			isa = PBXGroup;
			children = (
				8564022C21391F4A009F9D57 /* Class */,
				8564021921391B7B009F9D57 /* ViewController.h */,
				8564021A21391B7B009F9D57 /* ViewController.m */,
				853CED63213D1D15004A26E4 /* Info.plist */,
				8564021C21391B7B009F9D57 /* Main.storyboard */,
				8564021F21391B7E009F9D57 /* Assets.xcassets */,
				8564022121391B7E009F9D57 /* LaunchScreen.storyboard */,
				8564022521391B7E009F9D57 /* main.m */,
			);
			path = BeautifulSaid;
			sourceTree = "<group>";
		};
		8564022C21391F4A009F9D57 /* Class */ = {
			isa = PBXGroup;
			children = (
				8564026B2139336D009F9D57 /* Resources */,
				8564023021391F58009F9D57 /* AppDelegate */,
				8564022F21391F57009F9D57 /* Main */,
				8564022E21391F53009F9D57 /* Vender(第三方) */,
				8564022D21391F50009F9D57 /* Other(其他) */,
				8564023221391F82009F9D57 /* Expand(扩展) */,
				8564023121391F81009F9D57 /* Resource(资源) */,
				8564023321391FCF009F9D57 /* Macros(宏) */,
			);
			path = Class;
			sourceTree = "<group>";
		};
		8564022D21391F50009F9D57 /* Other(其他) */ = {
			isa = PBXGroup;
			children = (
				853CED5D213D1672004A26E4 /* Networking */,
				8564027221393771009F9D57 /* Tools */,
			);
			path = "Other(其他)";
			sourceTree = "<group>";
		};
		8564022E21391F53009F9D57 /* Vender(第三方) */ = {
			isa = PBXGroup;
			children = (
			);
			path = "Vender(第三方)";
			sourceTree = "<group>";
		};
		8564022F21391F57009F9D57 /* Main */ = {
			isa = PBXGroup;
			children = (
				8564026C213933B8009F9D57 /* Tabbar */,
				8564026721393263009F9D57 /* Navigation */,
				8564023921392072009F9D57 /* Base */,
				8564023D213920B0009F9D57 /* Home */,
				8564023E213920BE009F9D57 /* Categoty */,
				8564025F21393246009F9D57 /* Shop */,
				8564025B2139322A009F9D57 /* ME */,
				8564029F21394839009F9D57 /* Regis */,
				8564029B21394823009F9D57 /* Login */,
			);
			path = Main;
			sourceTree = "<group>";
		};
		8564023021391F58009F9D57 /* AppDelegate */ = {
			isa = PBXGroup;
			children = (
				8564021621391B7B009F9D57 /* AppDelegate.h */,
				8564021721391B7B009F9D57 /* AppDelegate.m */,
				856402362139205C009F9D57 /* AppDelegate+Utils.h */,
				856402372139205C009F9D57 /* AppDelegate+Utils.m */,
			);
			path = AppDelegate;
			sourceTree = "<group>";
		};
		8564023121391F81009F9D57 /* Resource(资源) */ = {
			isa = PBXGroup;
			children = (
			);
			path = "Resource(资源)";
			sourceTree = "<group>";
		};
		8564023221391F82009F9D57 /* Expand(扩展) */ = {
			isa = PBXGroup;
			children = (
			);
			path = "Expand(扩展)";
			sourceTree = "<group>";
		};
		8564023321391FCF009F9D57 /* Macros(宏) */ = {
			isa = PBXGroup;
			children = (
				8564023421391FF4009F9D57 /* MLSHeaderPrefix.pch */,
				856402352139201E009F9D57 /* MLSContent.h */,
			);
			path = "Macros(宏)";
			sourceTree = "<group>";
		};
		8564023921392072009F9D57 /* Base */ = {
			isa = PBXGroup;
			children = (
				856402AA213963D5009F9D57 /* View */,
				8564023A213920A2009F9D57 /* MLSBaseViewController.h */,
				8564023B213920A2009F9D57 /* MLSBaseViewController.m */,
			);
			path = Base;
			sourceTree = "<group>";
		};
		8564023D213920B0009F9D57 /* Home */ = {
			isa = PBXGroup;
			children = (
				853CED59213D156F004A26E4 /* Models */,
				853CED58213D1569004A26E4 /* View */,
				8564025821393220009F9D57 /* MLSHomeViewController.h */,
				8564025921393220009F9D57 /* MLSHomeViewController.m */,
			);
			path = Home;
			sourceTree = "<group>";
		};
		8564023E213920BE009F9D57 /* Categoty */ = {
			isa = PBXGroup;
			children = (
				8564025621393218009F9D57 /* MLSCateViewController.h */,
				8564025521393218009F9D57 /* MLSCateViewController.m */,
			);
			path = Categoty;
			sourceTree = "<group>";
		};
		8564025B2139322A009F9D57 /* ME */ = {
			isa = PBXGroup;
			children = (
				8564025C2139322A009F9D57 /* MLSMEViewController.m */,
				8564025D2139322A009F9D57 /* MLSMEViewController.h */,
			);
			path = ME;
			sourceTree = "<group>";
		};
		8564025F21393246009F9D57 /* Shop */ = {
			isa = PBXGroup;
			children = (
				8564026021393246009F9D57 /* MLSShopViewController.h */,
				8564026121393246009F9D57 /* MLSShopViewController.m */,
			);
			path = Shop;
			sourceTree = "<group>";
		};
		8564026721393263009F9D57 /* Navigation */ = {
			isa = PBXGroup;
			children = (
				8564026921393263009F9D57 /* MLSNavigationController.h */,
				8564026821393263009F9D57 /* MLSNavigationController.m */,
			);
			path = Navigation;
			sourceTree = "<group>";
		};
		8564026B2139336D009F9D57 /* Resources */ = {
			isa = PBXGroup;
			children = (
				853CED71213D3BBA004A26E4 /* page_loading */,
				856402A8213949A0009F9D57 /* like.caf */,
				8564027621393AF0009F9D57 /* Images */,
			);
			path = Resources;
			sourceTree = "<group>";
		};
		8564026C213933B8009F9D57 /* Tabbar */ = {
			isa = PBXGroup;
			children = (
				8564026D213933C8009F9D57 /* MLSTabBarController.h */,
				8564026E213933C8009F9D57 /* MLSTabBarController.m */,
			);
			path = Tabbar;
			sourceTree = "<group>";
		};
		8564027221393771009F9D57 /* Tools */ = {
			isa = PBXGroup;
			children = (
				8564027321393783009F9D57 /* MLSColor.h */,
				8564027421393783009F9D57 /* MLSColor.m */,
				85640298213945EC009F9D57 /* YYFPSLabel.h */,
				85640299213945EC009F9D57 /* YYFPSLabel.m */,
				856402A3213948B0009F9D57 /* UIImageView+ImageViewTool.h */,
				856402A4213948B0009F9D57 /* UIImageView+ImageViewTool.m */,
			);
			path = Tools;
			sourceTree = "<group>";
		};
		8564027621393AF0009F9D57 /* Images */ = {
			isa = PBXGroup;
			children = (
				853CED43213CFEC6004A26E4 /* HomeImages */,
				8564027721393AF9009F9D57 /* ItemIcon */,
			);
			path = Images;
			sourceTree = "<group>";
		};
		8564027721393AF9009F9D57 /* ItemIcon */ = {
			isa = PBXGroup;
			children = (
				8564028A21393B46009F9D57 /* nav_cart_30x30_@2x.png */,
				8564028921393B46009F9D57 /* nav_cart_30x30_@3x.png */,
				8564028221393B41009F9D57 /* nav_cart_s_30x30_@2x.png */,
				8564028321393B41009F9D57 /* nav_cart_s_30x30_@3x.png */,
				8564028621393B43009F9D57 /* nav_cat_30x30_@2x.png */,
				8564028B21393B47009F9D57 /* nav_cat_30x30_@3x.png */,
				8564028121393B40009F9D57 /* nav_cat_s_30x30_@2x.png */,
				8564028721393B44009F9D57 /* nav_cat_s_30x30_@3x.png */,
				8564028821393B45009F9D57 /* nav_me_30x30_@2x.png */,
				8564028421393B42009F9D57 /* nav_me_30x30_@3x.png */,
				8564028521393B43009F9D57 /* nav_me_s_30x30_@2x.png */,
				8564028021393B3F009F9D57 /* nav_me_s_30x30_@3x.png */,
				8564027D21393B1F009F9D57 /* nav_home_s_30x30_@2x.png */,
				8564027C21393B1E009F9D57 /* nav_home_s_30x30_@3x.png */,
				8564027821393B0B009F9D57 /* nav_home_30x30_@2x.png */,
				8564027921393B0B009F9D57 /* nav_home_30x30_@3x.png */,
			);
			path = ItemIcon;
			sourceTree = "<group>";
		};
		8564029B21394823009F9D57 /* Login */ = {
			isa = PBXGroup;
			children = (
				8564029C21394836009F9D57 /* MLSLoginViewController.h */,
				8564029D21394836009F9D57 /* MLSLoginViewController.m */,
			);
			path = Login;
			sourceTree = "<group>";
		};
		8564029F21394839009F9D57 /* Regis */ = {
			isa = PBXGroup;
			children = (
				856402A021394862009F9D57 /* MLSRegisViewController.h */,
				856402A121394862009F9D57 /* MLSRegisViewController.m */,
			);
			path = Regis;
			sourceTree = "<group>";
		};
		856402AA213963D5009F9D57 /* View */ = {
			isa = PBXGroup;
			children = (
				853CED52213D0B4E004A26E4 /* YYTableView.h */,
				853CED55213D0B4E004A26E4 /* YYTableView.m */,
				853CED54213D0B4E004A26E4 /* YYTableViewCell.h */,
				853CED53213D0B4E004A26E4 /* YYTableViewCell.m */,
				853CED68213D23E9004A26E4 /* YYCollectionView.h */,
				853CED69213D23E9004A26E4 /* YYCollectionView.m */,
				853CED65213D23C2004A26E4 /* YYCollectionViewcell.h */,
				853CED66213D23C2004A26E4 /* YYCollectionViewcell.m */,
				856402AB213963E8009F9D57 /* ZMNavView.h */,
				856402AC213963E8009F9D57 /* ZMNavView.m */,
				853CED40213CE72D004A26E4 /* MLSearchView.h */,
				853CED41213CE72D004A26E4 /* MLSearchView.m */,
			);
			path = View;
			sourceTree = "<group>";
		};
		A79131021D7E6D91698F9FBE /* Pods */ = {
			isa = PBXGroup;
			children = (
				F4D31CEF2A75F53FB82C7423 /* Pods-BeautifulSaid.debug.xcconfig */,
				117F7FD0434B88D748E6C682 /* Pods-BeautifulSaid.release.xcconfig */,
			);
			name = Pods;
			sourceTree = "<group>";
		};
/* End PBXGroup section */

/* Begin PBXNativeTarget section */
		8564021221391B7B009F9D57 /* BeautifulSaid */ = {
			isa = PBXNativeTarget;
			buildConfigurationList = 8564022921391B7E009F9D57 /* Build configuration list for PBXNativeTarget "BeautifulSaid" */;
			buildPhases = (
				BB87C4C7FB72942BC8A49D85 /* [CP] Check Pods Manifest.lock */,
				8564020F21391B7B009F9D57 /* Sources */,
				8564021021391B7B009F9D57 /* Frameworks */,
				8564021121391B7B009F9D57 /* Resources */,
				40DD922C0F1C9A90A9330BA3 /* [CP] Copy Pods Resources */,
			);
			buildRules = (
			);
			dependencies = (
			);
			name = BeautifulSaid;
			productName = BeautifulSaid;
			productReference = 8564021321391B7B009F9D57 /* BeautifulSaid.app */;
			productType = "com.apple.product-type.application";
		};
/* End PBXNativeTarget section */

/* Begin PBXProject section */
		8564020B21391B7A009F9D57 /* Project object */ = {
			isa = PBXProject;
			attributes = {
				LastUpgradeCheck = 0940;
				ORGANIZATIONNAME = BeautifulSaid;
				TargetAttributes = {
					8564021221391B7B009F9D57 = {
						CreatedOnToolsVersion = 9.4.1;
					};
				};
			};
			buildConfigurationList = 8564020E21391B7A009F9D57 /* Build configuration list for PBXProject "BeautifulSaid" */;
			compatibilityVersion = "Xcode 9.3";
			developmentRegion = en;
			hasScannedForEncodings = 0;
			knownRegions = (
				en,
				Base,
			);
			mainGroup = 8564020A21391B7A009F9D57;
			productRefGroup = 8564021421391B7B009F9D57 /* Products */;
			projectDirPath = "";
			projectRoot = "";
			targets = (
				8564021221391B7B009F9D57 /* BeautifulSaid */,
			);
		};
/* End PBXProject section */

/* Begin PBXResourcesBuildPhase section */
		8564021121391B7B009F9D57 /* Resources */ = {
			isa = PBXResourcesBuildPhase;
			buildActionMask = 2147483647;
			files = (
				8564029021393B47009F9D57 /* nav_me_30x30_@3x.png in Resources */,
				853CEDAA213D3BE7004A26E4 /* page_loading_00021.png in Resources */,
				853CEDB5213D3BE7004A26E4 /* page_loading_00007.png in Resources */,
				853CEDA2213D3BE7004A26E4 /* page_loading_00025.png in Resources */,
				853CED95213D3BE7004A26E4 /* page_loading_00030.png in Resources */,
				853CED9F213D3BE7004A26E4 /* page_loading_00027.png in Resources */,
				853CED96213D3BE7004A26E4 /* page_loading_00006.png in Resources */,
				8564029721393B47009F9D57 /* nav_cat_30x30_@3x.png in Resources */,
				853CEDA9213D3BE7004A26E4 /* page_loading_00010.png in Resources */,
				853CEDC0213D3D3E004A26E4 /* MGJDETAIL_comment_star_dark_14x13_@3x.png in Resources */,
				853CEDB2213D3BE7004A26E4 /* page_loading_00019.png in Resources */,
				8564028C21393B47009F9D57 /* nav_me_s_30x30_@3x.png in Resources */,
				853CEDB1213D3BE7004A26E4 /* page_loading_00020.png in Resources */,
				853CEDA5213D3BE7004A26E4 /* page_loading_00004.png in Resources */,
				8564029221393B47009F9D57 /* nav_cat_30x30_@2x.png in Resources */,
				8564029621393B47009F9D57 /* nav_cart_30x30_@2x.png in Resources */,
				853CEDB6213D3BE7004A26E4 /* page_loading_00018.png in Resources */,
				853CED48213CFEDB004A26E4 /* homepage_scan_icon@2x.png in Resources */,
				853CED9A213D3BE7004A26E4 /* page_loading_00000.png in Resources */,
				8564029421393B47009F9D57 /* nav_me_30x30_@2x.png in Resources */,
				853CEDB4213D3BE7004A26E4 /* page_loading_00003.png in Resources */,
				853CEDA6213D3BE7004A26E4 /* page_loading_00001.png in Resources */,
				853CEDC1213D3D3E004A26E4 /* MGJDETAIL_comment_star_14x13_@3x.png in Resources */,
				8564027A21393B0C009F9D57 /* nav_home_30x30_@2x.png in Resources */,
				853CEDAF213D3BE7004A26E4 /* page_loading_00005.png in Resources */,
				853CEDA7213D3BE7004A26E4 /* page_loading_00016.png in Resources */,
				853CED4A213CFEDB004A26E4 /* homepage_search_icon@2x.png in Resources */,
				853CEDA1213D3BE7004A26E4 /* page_loading_00023.png in Resources */,
				8564029121393B47009F9D57 /* nav_me_s_30x30_@2x.png in Resources */,
				853CED51213D0095004A26E4 /* global_back_10x25_@2x.png in Resources */,
				8564027E21393B1F009F9D57 /* nav_home_s_30x30_@3x.png in Resources */,
				8564029321393B47009F9D57 /* nav_cat_s_30x30_@3x.png in Resources */,
				853CED49213CFEDB004A26E4 /* homepage_scan_icon@3x.png in Resources */,
				853CED9E213D3BE7004A26E4 /* page_loading_00032.png in Resources */,
				853CEDAE213D3BE7004A26E4 /* page_loading_00011.png in Resources */,
				853CEDA4213D3BE7004A26E4 /* page_loading_00012.png in Resources */,
				8564028E21393B47009F9D57 /* nav_cart_s_30x30_@2x.png in Resources */,
				853CED97213D3BE7004A26E4 /* page_loading_00026.png in Resources */,
				853CED50213D0095004A26E4 /* global_back_10x25_@3x.png in Resources */,
				8564028D21393B47009F9D57 /* nav_cat_s_30x30_@2x.png in Resources */,
				853CEDB3213D3BE7004A26E4 /* page_loading_00002.png in Resources */,
				853CEDC7213D4C05004A26E4 /* login_navbar_more@3x.png in Resources */,
				853CED9C213D3BE7004A26E4 /* page_loading_00034.png in Resources */,
				853CED9B213D3BE7004A26E4 /* page_loading_00031.png in Resources */,
				853CEDBF213D3D3E004A26E4 /* MGJDETAIL_comment_star_dark_14x13_@2x.png in Resources */,
				8564022321391B7E009F9D57 /* LaunchScreen.storyboard in Resources */,
				856402A9213949A1009F9D57 /* like.caf in Resources */,
				853CEDC3213D3D3E004A26E4 /* MGJDETAIL_comment_star_14x13_@2x.png in Resources */,
				853CEDC6213D4C05004A26E4 /* login_navbar_more@2x.png in Resources */,
				853CEDA0213D3BE7004A26E4 /* page_loading_00009.png in Resources */,
				853CED98213D3BE7004A26E4 /* page_loading_00022.png in Resources */,
				853CEDB7213D3BE7004A26E4 /* page_loading_00008.png in Resources */,
				8564027F21393B1F009F9D57 /* nav_home_s_30x30_@2x.png in Resources */,
				853CED64213D1D16004A26E4 /* Info.plist in Resources */,
				8564029521393B47009F9D57 /* nav_cart_30x30_@3x.png in Resources */,
				853CED4D213D0057004A26E4 /* global_nav_msg_white_20x18_@2x.png in Resources */,
				853CEDA3213D3BE7004A26E4 /* page_loading_00017.png in Resources */,
				853CEDA8213D3BE7004A26E4 /* page_loading_00033.png in Resources */,
				853CEDAB213D3BE7004A26E4 /* page_loading_00028.png in Resources */,
				8564022021391B7E009F9D57 /* Assets.xcassets in Resources */,
				853CED4B213CFEDB004A26E4 /* homepage_search_icon@3x.png in Resources */,
				853CED99213D3BE7004A26E4 /* page_loading_00014.png in Resources */,
				853CEDC2213D3D3E004A26E4 /* MGJDETAIL_comment_star_half_14x13_@2x.png in Resources */,
				8564028F21393B47009F9D57 /* nav_cart_s_30x30_@3x.png in Resources */,
				853CEDAD213D3BE7004A26E4 /* page_loading_00015.png in Resources */,
				853CED9D213D3BE7004A26E4 /* page_loading_00024.png in Resources */,
				8564027B21393B0C009F9D57 /* nav_home_30x30_@3x.png in Resources */,
				853CEDBE213D3D3E004A26E4 /* MGJDETAIL_comment_star_half_14x13_@3x.png in Resources */,
				853CEDB0213D3BE7004A26E4 /* page_loading_00029.png in Resources */,
				853CEDAC213D3BE7004A26E4 /* page_loading_00013.png in Resources */,
				8564021E21391B7B009F9D57 /* Main.storyboard in Resources */,
			);
			runOnlyForDeploymentPostprocessing = 0;
		};
/* End PBXResourcesBuildPhase section */

/* Begin PBXShellScriptBuildPhase section */
		40DD922C0F1C9A90A9330BA3 /* [CP] Copy Pods Resources */ = {
			isa = PBXShellScriptBuildPhase;
			buildActionMask = 2147483647;
			files = (
			);
			inputPaths = (
				"${SRCROOT}/Pods/Target Support Files/Pods-BeautifulSaid/Pods-BeautifulSaid-resources.sh",
				"${PODS_ROOT}/IQKeyboardManager/IQKeyboardManager/Resources/IQKeyboardManager.bundle",
				"${PODS_ROOT}/MJRefresh/MJRefresh/MJRefresh.bundle",
			);
			name = "[CP] Copy Pods Resources";
			outputPaths = (
				"${TARGET_BUILD_DIR}/${UNLOCALIZED_RESOURCES_FOLDER_PATH}/IQKeyboardManager.bundle",
				"${TARGET_BUILD_DIR}/${UNLOCALIZED_RESOURCES_FOLDER_PATH}/MJRefresh.bundle",
			);
			runOnlyForDeploymentPostprocessing = 0;
			shellPath = /bin/sh;
			shellScript = "\"${SRCROOT}/Pods/Target Support Files/Pods-BeautifulSaid/Pods-BeautifulSaid-resources.sh\"\n";
			showEnvVarsInLog = 0;
		};
		BB87C4C7FB72942BC8A49D85 /* [CP] Check Pods Manifest.lock */ = {
			isa = PBXShellScriptBuildPhase;
			buildActionMask = 2147483647;
			files = (
			);
			inputPaths = (
				"${PODS_PODFILE_DIR_PATH}/Podfile.lock",
				"${PODS_ROOT}/Manifest.lock",
			);
			name = "[CP] Check Pods Manifest.lock";
			outputPaths = (
				"$(DERIVED_FILE_DIR)/Pods-BeautifulSaid-checkManifestLockResult.txt",
			);
			runOnlyForDeploymentPostprocessing = 0;
			shellPath = /bin/sh;
			shellScript = "diff \"${PODS_PODFILE_DIR_PATH}/Podfile.lock\" \"${PODS_ROOT}/Manifest.lock\" > /dev/null\nif [ $? != 0 ] ; then\n    # print error to STDERR\n    echo \"error: The sandbox is not in sync with the Podfile.lock. Run 'pod install' or update your CocoaPods installation.\" >&2\n    exit 1\nfi\n# This output is used by Xcode 'outputs' to avoid re-running this script phase.\necho \"SUCCESS\" > \"${SCRIPT_OUTPUT_FILE_0}\"\n";
			showEnvVarsInLog = 0;
		};
/* End PBXShellScriptBuildPhase section */

/* Begin PBXSourcesBuildPhase section */
		8564020F21391B7B009F9D57 /* Sources */ = {
			isa = PBXSourcesBuildPhase;
			buildActionMask = 2147483647;
			files = (
				8564027521393783009F9D57 /* MLSColor.m in Sources */,
				853CED42213CE72D004A26E4 /* MLSearchView.m in Sources */,
				8564023C213920A2009F9D57 /* MLSBaseViewController.m in Sources */,
				8564026221393246009F9D57 /* MLSShopViewController.m in Sources */,
				8564026A21393263009F9D57 /* MLSNavigationController.m in Sources */,
				8564021B21391B7B009F9D57 /* ViewController.m in Sources */,
				853CED6A213D23E9004A26E4 /* YYCollectionView.m in Sources */,
				8564029E21394836009F9D57 /* MLSLoginViewController.m in Sources */,
				853CED60213D1682004A26E4 /* ZMNetworkHelper.m in Sources */,
				856402A221394862009F9D57 /* MLSRegisViewController.m in Sources */,
				853CED56213D0B4F004A26E4 /* YYTableViewCell.m in Sources */,
				8564022621391B7E009F9D57 /* main.m in Sources */,
				8564025A21393220009F9D57 /* MLSHomeViewController.m in Sources */,
				853CED5C213D1583004A26E4 /* HomeTableViewCell.m in Sources */,
				856402A5213948B0009F9D57 /* UIImageView+ImageViewTool.m in Sources */,
				856402382139205C009F9D57 /* AppDelegate+Utils.m in Sources */,
				853CED57213D0B4F004A26E4 /* YYTableView.m in Sources */,
				8564025E2139322A009F9D57 /* MLSMEViewController.m in Sources */,
				8564029A213945EC009F9D57 /* YYFPSLabel.m in Sources */,
				853CED6D213D25FC004A26E4 /* HomeCollectionViewCell.m in Sources */,
				853CED67213D23C2004A26E4 /* YYCollectionViewcell.m in Sources */,
				8564025721393218009F9D57 /* MLSCateViewController.m in Sources */,
				853CED70213D296B004A26E4 /* HomeModels.m in Sources */,
				8564021821391B7B009F9D57 /* AppDelegate.m in Sources */,
				856402AD213963E8009F9D57 /* ZMNavView.m in Sources */,
				8564026F213933C8009F9D57 /* MLSTabBarController.m in Sources */,
			);
			runOnlyForDeploymentPostprocessing = 0;
		};
/* End PBXSourcesBuildPhase section */

/* Begin PBXVariantGroup section */
		8564021C21391B7B009F9D57 /* Main.storyboard */ = {
			isa = PBXVariantGroup;
			children = (
				8564021D21391B7B009F9D57 /* Base */,
			);
			name = Main.storyboard;
			sourceTree = "<group>";
		};
		8564022121391B7E009F9D57 /* LaunchScreen.storyboard */ = {
			isa = PBXVariantGroup;
			children = (
				8564022221391B7E009F9D57 /* Base */,
			);
			name = LaunchScreen.storyboard;
			sourceTree = "<group>";
		};
/* End PBXVariantGroup section */

/* Begin XCBuildConfiguration section */
		8564022721391B7E009F9D57 /* Debug */ = {
			isa = XCBuildConfiguration;
			buildSettings = {
				ALWAYS_SEARCH_USER_PATHS = NO;
				CLANG_ANALYZER_NONNULL = YES;
				CLANG_ANALYZER_NUMBER_OBJECT_CONVERSION = YES_AGGRESSIVE;
				CLANG_CXX_LANGUAGE_STANDARD = "gnu++14";
				CLANG_CXX_LIBRARY = "libc++";
				CLANG_ENABLE_MODULES = YES;
				CLANG_ENABLE_OBJC_ARC = YES;
				CLANG_ENABLE_OBJC_WEAK = YES;
				CLANG_WARN_BLOCK_CAPTURE_AUTORELEASING = YES;
				CLANG_WARN_BOOL_CONVERSION = YES;
				CLANG_WARN_COMMA = YES;
				CLANG_WARN_CONSTANT_CONVERSION = YES;
				CLANG_WARN_DEPRECATED_OBJC_IMPLEMENTATIONS = YES;
				CLANG_WARN_DIRECT_OBJC_ISA_USAGE = YES_ERROR;
				CLANG_WARN_DOCUMENTATION_COMMENTS = YES;
				CLANG_WARN_EMPTY_BODY = YES;
				CLANG_WARN_ENUM_CONVERSION = YES;
				CLANG_WARN_INFINITE_RECURSION = YES;
				CLANG_WARN_INT_CONVERSION = YES;
				CLANG_WARN_NON_LITERAL_NULL_CONVERSION = YES;
				CLANG_WARN_OBJC_IMPLICIT_RETAIN_SELF = YES;
				CLANG_WARN_OBJC_LITERAL_CONVERSION = YES;
				CLANG_WARN_OBJC_ROOT_CLASS = YES_ERROR;
				CLANG_WARN_RANGE_LOOP_ANALYSIS = YES;
				CLANG_WARN_STRICT_PROTOTYPES = YES;
				CLANG_WARN_SUSPICIOUS_MOVE = YES;
				CLANG_WARN_UNGUARDED_AVAILABILITY = YES_AGGRESSIVE;
				CLANG_WARN_UNREACHABLE_CODE = YES;
				CLANG_WARN__DUPLICATE_METHOD_MATCH = YES;
				CODE_SIGN_IDENTITY = "iPhone Developer";
				COPY_PHASE_STRIP = NO;
				DEBUG_INFORMATION_FORMAT = dwarf;
				ENABLE_STRICT_OBJC_MSGSEND = YES;
				ENABLE_TESTABILITY = YES;
				GCC_C_LANGUAGE_STANDARD = gnu11;
				GCC_DYNAMIC_NO_PIC = NO;
				GCC_NO_COMMON_BLOCKS = YES;
				GCC_OPTIMIZATION_LEVEL = 0;
				GCC_PREPROCESSOR_DEFINITIONS = (
					"DEBUG=1",
					"$(inherited)",
				);
				GCC_WARN_64_TO_32_BIT_CONVERSION = YES;
				GCC_WARN_ABOUT_RETURN_TYPE = YES_ERROR;
				GCC_WARN_UNDECLARED_SELECTOR = YES;
				GCC_WARN_UNINITIALIZED_AUTOS = YES_AGGRESSIVE;
				GCC_WARN_UNUSED_FUNCTION = YES;
				GCC_WARN_UNUSED_VARIABLE = YES;
				IPHONEOS_DEPLOYMENT_TARGET = 11.4;
				MTL_ENABLE_DEBUG_INFO = YES;
				ONLY_ACTIVE_ARCH = YES;
				SDKROOT = iphoneos;
			};
			name = Debug;
		};
		8564022821391B7E009F9D57 /* Release */ = {
			isa = XCBuildConfiguration;
			buildSettings = {
				ALWAYS_SEARCH_USER_PATHS = NO;
				CLANG_ANALYZER_NONNULL = YES;
				CLANG_ANALYZER_NUMBER_OBJECT_CONVERSION = YES_AGGRESSIVE;
				CLANG_CXX_LANGUAGE_STANDARD = "gnu++14";
				CLANG_CXX_LIBRARY = "libc++";
				CLANG_ENABLE_MODULES = YES;
				CLANG_ENABLE_OBJC_ARC = YES;
				CLANG_ENABLE_OBJC_WEAK = YES;
				CLANG_WARN_BLOCK_CAPTURE_AUTORELEASING = YES;
				CLANG_WARN_BOOL_CONVERSION = YES;
				CLANG_WARN_COMMA = YES;
				CLANG_WARN_CONSTANT_CONVERSION = YES;
				CLANG_WARN_DEPRECATED_OBJC_IMPLEMENTATIONS = YES;
				CLANG_WARN_DIRECT_OBJC_ISA_USAGE = YES_ERROR;
				CLANG_WARN_DOCUMENTATION_COMMENTS = YES;
				CLANG_WARN_EMPTY_BODY = YES;
				CLANG_WARN_ENUM_CONVERSION = YES;
				CLANG_WARN_INFINITE_RECURSION = YES;
				CLANG_WARN_INT_CONVERSION = YES;
				CLANG_WARN_NON_LITERAL_NULL_CONVERSION = YES;
				CLANG_WARN_OBJC_IMPLICIT_RETAIN_SELF = YES;
				CLANG_WARN_OBJC_LITERAL_CONVERSION = YES;
				CLANG_WARN_OBJC_ROOT_CLASS = YES_ERROR;
				CLANG_WARN_RANGE_LOOP_ANALYSIS = YES;
				CLANG_WARN_STRICT_PROTOTYPES = YES;
				CLANG_WARN_SUSPICIOUS_MOVE = YES;
				CLANG_WARN_UNGUARDED_AVAILABILITY = YES_AGGRESSIVE;
				CLANG_WARN_UNREACHABLE_CODE = YES;
				CLANG_WARN__DUPLICATE_METHOD_MATCH = YES;
				CODE_SIGN_IDENTITY = "iPhone Developer";
				COPY_PHASE_STRIP = NO;
				DEBUG_INFORMATION_FORMAT = "dwarf-with-dsym";
				ENABLE_NS_ASSERTIONS = NO;
				ENABLE_STRICT_OBJC_MSGSEND = YES;
				GCC_C_LANGUAGE_STANDARD = gnu11;
				GCC_NO_COMMON_BLOCKS = YES;
				GCC_WARN_64_TO_32_BIT_CONVERSION = YES;
				GCC_WARN_ABOUT_RETURN_TYPE = YES_ERROR;
				GCC_WARN_UNDECLARED_SELECTOR = YES;
				GCC_WARN_UNINITIALIZED_AUTOS = YES_AGGRESSIVE;
				GCC_WARN_UNUSED_FUNCTION = YES;
				GCC_WARN_UNUSED_VARIABLE = YES;
				IPHONEOS_DEPLOYMENT_TARGET = 11.4;
				MTL_ENABLE_DEBUG_INFO = NO;
				SDKROOT = iphoneos;
				VALIDATE_PRODUCT = YES;
			};
			name = Release;
		};
		8564022A21391B7E009F9D57 /* Debug */ = {
			isa = XCBuildConfiguration;
			baseConfigurationReference = F4D31CEF2A75F53FB82C7423 /* Pods-BeautifulSaid.debug.xcconfig */;
			buildSettings = {
				ASSETCATALOG_COMPILER_APPICON_NAME = AppIcon;
				ASSETCATALOG_COMPILER_LAUNCHIMAGE_NAME = LaunchImage;
				CODE_SIGN_STYLE = Automatic;
				DEVELOPMENT_TEAM = 83MLD9ZCC3;
				GCC_PREFIX_HEADER = "/Users/power/Desktop/BeautifulSaid/BeautifulSaid/BeautifulSaid/Class/Macros(宏)/MLSHeaderPrefix.pch";
				INFOPLIST_FILE = BeautifulSaid/Info.plist;
				IPHONEOS_DEPLOYMENT_TARGET = 10.0;
				LD_RUNPATH_SEARCH_PATHS = (
					"$(inherited)",
					"@executable_path/Frameworks",
				);
				PRODUCT_BUNDLE_IDENTIFIER = HQ.BeautifulSaid;
				PRODUCT_NAME = "$(TARGET_NAME)";
				TARGETED_DEVICE_FAMILY = "1,2";
			};
			name = Debug;
		};
		8564022B21391B7E009F9D57 /* Release */ = {
			isa = XCBuildConfiguration;
			baseConfigurationReference = 117F7FD0434B88D748E6C682 /* Pods-BeautifulSaid.release.xcconfig */;
			buildSettings = {
				ASSETCATALOG_COMPILER_APPICON_NAME = AppIcon;
				ASSETCATALOG_COMPILER_LAUNCHIMAGE_NAME = LaunchImage;
				CODE_SIGN_STYLE = Automatic;
				DEVELOPMENT_TEAM = 83MLD9ZCC3;
				GCC_PREFIX_HEADER = "/Users/power/Desktop/BeautifulSaid/BeautifulSaid/BeautifulSaid/Class/Macros(宏)/MLSHeaderPrefix.pch";
				INFOPLIST_FILE = BeautifulSaid/Info.plist;
				IPHONEOS_DEPLOYMENT_TARGET = 10.0;
				LD_RUNPATH_SEARCH_PATHS = (
					"$(inherited)",
					"@executable_path/Frameworks",
				);
				PRODUCT_BUNDLE_IDENTIFIER = HQ.BeautifulSaid;
				PRODUCT_NAME = "$(TARGET_NAME)";
				TARGETED_DEVICE_FAMILY = "1,2";
			};
			name = Release;
		};
/* End XCBuildConfiguration section */

/* Begin XCConfigurationList section */
		8564020E21391B7A009F9D57 /* Build configuration list for PBXProject "BeautifulSaid" */ = {
			isa = XCConfigurationList;
			buildConfigurations = (
				8564022721391B7E009F9D57 /* Debug */,
				8564022821391B7E009F9D57 /* Release */,
			);
			defaultConfigurationIsVisible = 0;
			defaultConfigurationName = Release;
		};
		8564022921391B7E009F9D57 /* Build configuration list for PBXNativeTarget "BeautifulSaid" */ = {
			isa = XCConfigurationList;
			buildConfigurations = (
				8564022A21391B7E009F9D57 /* Debug */,
				8564022B21391B7E009F9D57 /* Release */,
			);
			defaultConfigurationIsVisible = 0;
			defaultConfigurationName = Release;
		};
/* End XCConfigurationList section */
	};
	rootObject = 8564020B21391B7A009F9D57 /* Project object */;
}
